
Microsoft Visual Studio Solution File, Format Version 12.00
# Visual Studio 15
VisualStudioVersion = 15.0.27130.2027
MinimumVisualStudioVersion = 10.0.40219.1
Project("{FAE04EC0-301F-11D3-BF4B-00C04F79EFBC}") = "LINQ2", "LINQ2\LINQ2.csproj", "{B1A1573F-79E0-4749-ADE5-EE5F0DBE75A0}"
EndProject
Global
	GlobalSection(SolutionConfigurationPlatforms) = preSolution
		Debug|Any CPU = Debug|Any CPU
		Release|Any CPU = Release|Any CPU
	EndGlobalSection
	GlobalSection(ProjectConfigurationPlatforms) = postSolution
		{B1A1573F-79E0-4749-ADE5-EE5F0DBE75A0}.Debug|Any CPU.ActiveCfg = Debug|Any CPU
		{B1A1573F-79E0-4749-ADE5-EE5F0DBE75A0}.Debug|Any CPU.Build.0 = Debug|Any CPU
		{B1A1573F-79E0-4749-ADE5-EE5F0DBE75A0}.Release|Any CPU.ActiveCfg = Release|Any CPU
		{B1A1573F-79E0-4749-ADE5-EE5F0DBE75A0}.Release|Any CPU.Build.0 = Release|Any CPU
	EndGlobalSection
	GlobalSection(SolutionProperties) = preSolution
		HideSolutionNode = FALSE
	EndGlobalSection
	GlobalSection(ExtensibilityGlobals) = postSolution
		SolutionGuid = {90D84225-37D0-40D7-85B2-88E3B1C75F96}
	EndGlobalSection
EndGlobal
